// !$*UTF8*$!
{
	archiveVersion = 1;
	classes = {
	};
	objectVersion = 46;
	objects = {

/* Begin PBXBuildFile section */
		D43F3A101BFE580F00225725 /* CategoryTableViewController.swift in Sources */ = {isa = PBXBuildFile; fileRef = D43F3A0F1BFE580F00225725 /* CategoryTableViewController.swift */; };
		D43F3A121BFEABB200225725 /* star_rating.png in Resources */ = {isa = PBXBuildFile; fileRef = D43F3A111BFEABB200225725 /* star_rating.png */; };
		D43F3A141BFEC2B400225725 /* SketchHeaderTableViewCell.swift in Sources */ = {isa = PBXBuildFile; fileRef = D43F3A131BFEC2B400225725 /* SketchHeaderTableViewCell.swift */; };
		D43F3A161BFEC2FA00225725 /* SketchesTableViewCell.swift in Sources */ = {isa = PBXBuildFile; fileRef = D43F3A151BFEC2FA00225725 /* SketchesTableViewCell.swift */; };
		D45E8ACE1BD977490041C390 /* GeneratePuzzleTableViewCell.swift in Sources */ = {isa = PBXBuildFile; fileRef = D45E8ACD1BD977490041C390 /* GeneratePuzzleTableViewCell.swift */; };
		D45E8AD01BD977A80041C390 /* GeneratePuzzleTableViewController.swift in Sources */ = {isa = PBXBuildFile; fileRef = D45E8ACF1BD977A70041C390 /* GeneratePuzzleTableViewController.swift */; };
		D45E8AD21BD9958D0041C390 /* GeneratePuzzleHeaderTableViewCell.swift in Sources */ = {isa = PBXBuildFile; fileRef = D45E8AD11BD9958D0041C390 /* GeneratePuzzleHeaderTableViewCell.swift */; };
		D4A5BF001BE2B15A00EAF804 /* MapViewController.swift in Sources */ = {isa = PBXBuildFile; fileRef = D4A5BEFF1BE2B15A00EAF804 /* MapViewController.swift */; };
		D4F0D0541BD9D7C6004D0330 /* DummyData.swift in Sources */ = {isa = PBXBuildFile; fileRef = D4F0D0531BD9D7C6004D0330 /* DummyData.swift */; };
		D4F0D0561BD9E0EC004D0330 /* FHU_Campus.jpg in Resources */ = {isa = PBXBuildFile; fileRef = D4F0D0551BD9E0EC004D0330 /* FHU_Campus.jpg */; };
		D4F0D0581BD9E9B6004D0330 /* PuzzleDetailsViewController.swift in Sources */ = {isa = PBXBuildFile; fileRef = D4F0D0571BD9E9B6004D0330 /* PuzzleDetailsViewController.swift */; };
		EC3DE7EE1BD03CD80085234B /* AppDelegate.swift in Sources */ = {isa = PBXBuildFile; fileRef = EC3DE7ED1BD03CD80085234B /* AppDelegate.swift */; };
		EC3DE7F01BD03CD80085234B /* ViewController.swift in Sources */ = {isa = PBXBuildFile; fileRef = EC3DE7EF1BD03CD80085234B /* ViewController.swift */; };
		EC3DE7F31BD03CD80085234B /* Main.storyboard in Resources */ = {isa = PBXBuildFile; fileRef = EC3DE7F11BD03CD80085234B /* Main.storyboard */; };
		EC3DE7F51BD03CD80085234B /* Assets.xcassets in Resources */ = {isa = PBXBuildFile; fileRef = EC3DE7F41BD03CD80085234B /* Assets.xcassets */; };
		EC3DE7F81BD03CD80085234B /* LaunchScreen.storyboard in Resources */ = {isa = PBXBuildFile; fileRef = EC3DE7F61BD03CD80085234B /* LaunchScreen.storyboard */; };
		EC3DE8031BD03CD90085234B /* GeoPuzzlesTests.swift in Sources */ = {isa = PBXBuildFile; fileRef = EC3DE8021BD03CD90085234B /* GeoPuzzlesTests.swift */; };
/* End PBXBuildFile section */

/* Begin PBXContainerItemProxy section */
		EC3DE7FF1BD03CD90085234B /* PBXContainerItemProxy */ = {
			isa = PBXContainerItemProxy;
			containerPortal = EC3DE7E21BD03CD80085234B /* Project object */;
			proxyType = 1;
			remoteGlobalIDString = EC3DE7E91BD03CD80085234B;
			remoteInfo = GeoPuzzles;
		};
/* End PBXContainerItemProxy section */

/* Begin PBXFileReference section */
		D43F3A0F1BFE580F00225725 /* CategoryTableViewController.swift */ = {isa = PBXFileReference; fileEncoding = 4; lastKnownFileType = sourcecode.swift; path = CategoryTableViewController.swift; sourceTree = "<group>"; };
		D43F3A111BFEABB200225725 /* star_rating.png */ = {isa = PBXFileReference; lastKnownFileType = image.png; name = star_rating.png; path = "../../../../../../var/folders/tx/xfr1kvss19161w5ng30pt8qc0000gn/T/com.skitch.skitch/DMD561D11CC-4C01-4E90-93C2-B2ADCDADEFF2/star_rating.png"; sourceTree = "<group>"; };
		D43F3A131BFEC2B400225725 /* SketchHeaderTableViewCell.swift */ = {isa = PBXFileReference; fileEncoding = 4; lastKnownFileType = sourcecode.swift; path = SketchHeaderTableViewCell.swift; sourceTree = "<group>"; };
		D43F3A151BFEC2FA00225725 /* SketchesTableViewCell.swift */ = {isa = PBXFileReference; fileEncoding = 4; lastKnownFileType = sourcecode.swift; path = SketchesTableViewCell.swift; sourceTree = "<group>"; };
		D45E8ACD1BD977490041C390 /* GeneratePuzzleTableViewCell.swift */ = {isa = PBXFileReference; fileEncoding = 4; lastKnownFileType = sourcecode.swift; path = GeneratePuzzleTableViewCell.swift; sourceTree = "<group>"; };
		D45E8ACF1BD977A70041C390 /* GeneratePuzzleTableViewController.swift */ = {isa = PBXFileReference; fileEncoding = 4; lastKnownFileType = sourcecode.swift; path = GeneratePuzzleTableViewController.swift; sourceTree = "<group>"; };
		D45E8AD11BD9958D0041C390 /* GeneratePuzzleHeaderTableViewCell.swift */ = {isa = PBXFileReference; fileEncoding = 4; lastKnownFileType = sourcecode.swift; path = GeneratePuzzleHeaderTableViewCell.swift; sourceTree = "<group>"; };
		D4A5BEFF1BE2B15A00EAF804 /* MapViewController.swift */ = {isa = PBXFileReference; fileEncoding = 4; lastKnownFileType = sourcecode.swift; path = MapViewController.swift; sourceTree = "<group>"; };
		D4F0D0531BD9D7C6004D0330 /* DummyData.swift */ = {isa = PBXFileReference; fileEncoding = 4; lastKnownFileType = sourcecode.swift; path = DummyData.swift; sourceTree = "<group>"; };
		D4F0D0551BD9E0EC004D0330 /* FHU_Campus.jpg */ = {isa = PBXFileReference; lastKnownFileType = image.jpeg; name = FHU_Campus.jpg; path = ../../../../Downloads/FHU_Campus.jpg; sourceTree = "<group>"; };
		D4F0D0571BD9E9B6004D0330 /* PuzzleDetailsViewController.swift */ = {isa = PBXFileReference; fileEncoding = 4; lastKnownFileType = sourcecode.swift; path = PuzzleDetailsViewController.swift; sourceTree = "<group>"; };
		EC3DE7EA1BD03CD80085234B /* GeoPuzzles.app */ = {isa = PBXFileReference; explicitFileType = wrapper.application; includeInIndex = 0; path = GeoPuzzles.app; sourceTree = BUILT_PRODUCTS_DIR; };
		EC3DE7ED1BD03CD80085234B /* AppDelegate.swift */ = {isa = PBXFileReference; lastKnownFileType = sourcecode.swift; path = AppDelegate.swift; sourceTree = "<group>"; };
		EC3DE7EF1BD03CD80085234B /* ViewController.swift */ = {isa = PBXFileReference; lastKnownFileType = sourcecode.swift; path = ViewController.swift; sourceTree = "<group>"; };
		EC3DE7F21BD03CD80085234B /* Base */ = {isa = PBXFileReference; lastKnownFileType = file.storyboard; name = Base; path = Base.lproj/Main.storyboard; sourceTree = "<group>"; };
		EC3DE7F41BD03CD80085234B /* Assets.xcassets */ = {isa = PBXFileReference; lastKnownFileType = folder.assetcatalog; path = Assets.xcassets; sourceTree = "<group>"; };
		EC3DE7F71BD03CD80085234B /* Base */ = {isa = PBXFileReference; lastKnownFileType = file.storyboard; name = Base; path = Base.lproj/LaunchScreen.storyboard; sourceTree = "<group>"; };
		EC3DE7F91BD03CD80085234B /* Info.plist */ = {isa = PBXFileReference; lastKnownFileType = text.plist.xml; path = Info.plist; sourceTree = "<group>"; };
		EC3DE7FE1BD03CD90085234B /* GeoPuzzlesTests.xctest */ = {isa = PBXFileReference; explicitFileType = wrapper.cfbundle; includeInIndex = 0; path = GeoPuzzlesTests.xctest; sourceTree = BUILT_PRODUCTS_DIR; };
		EC3DE8021BD03CD90085234B /* GeoPuzzlesTests.swift */ = {isa = PBXFileReference; lastKnownFileType = sourcecode.swift; path = GeoPuzzlesTests.swift; sourceTree = "<group>"; };
		EC3DE8041BD03CD90085234B /* Info.plist */ = {isa = PBXFileReference; lastKnownFileType = text.plist.xml; path = Info.plist; sourceTree = "<group>"; };
/* End PBXFileReference section */

/* Begin PBXFrameworksBuildPhase section */
		EC3DE7E71BD03CD80085234B /* Frameworks */ = {
			isa = PBXFrameworksBuildPhase;
			buildActionMask = 2147483647;
			files = (
			);
			runOnlyForDeploymentPostprocessing = 0;
		};
		EC3DE7FB1BD03CD90085234B /* Frameworks */ = {
			isa = PBXFrameworksBuildPhase;
			buildActionMask = 2147483647;
			files = (
			);
			runOnlyForDeploymentPostprocessing = 0;
		};
/* End PBXFrameworksBuildPhase section */

/* Begin PBXGroup section */
		EC3DE7E11BD03CD80085234B = {
			isa = PBXGroup;
			children = (
				EC3DE7EC1BD03CD80085234B /* GeoPuzzles */,
				EC3DE8011BD03CD90085234B /* GeoPuzzlesTests */,
				EC3DE7EB1BD03CD80085234B /* Products */,
			);
			sourceTree = "<group>";
		};
		EC3DE7EB1BD03CD80085234B /* Products */ = {
			isa = PBXGroup;
			children = (
				EC3DE7EA1BD03CD80085234B /* GeoPuzzles.app */,
				EC3DE7FE1BD03CD90085234B /* GeoPuzzlesTests.xctest */,
			);
			name = Products;
			sourceTree = "<group>";
		};
		EC3DE7EC1BD03CD80085234B /* GeoPuzzles */ = {
			isa = PBXGroup;
			children = (
				EC3DE7ED1BD03CD80085234B /* AppDelegate.swift */,
				EC3DE7EF1BD03CD80085234B /* ViewController.swift */,
				EC3DE7F11BD03CD80085234B /* Main.storyboard */,
				D43F3A0F1BFE580F00225725 /* CategoryTableViewController.swift */,
				D4A5BEFF1BE2B15A00EAF804 /* MapViewController.swift */,
				D4F0D0571BD9E9B6004D0330 /* PuzzleDetailsViewController.swift */,
				D4F0D0531BD9D7C6004D0330 /* DummyData.swift */,
				D45E8ACF1BD977A70041C390 /* GeneratePuzzleTableViewController.swift */,
				D45E8AD11BD9958D0041C390 /* GeneratePuzzleHeaderTableViewCell.swift */,
				D43F3A131BFEC2B400225725 /* SketchHeaderTableViewCell.swift */,
				D43F3A151BFEC2FA00225725 /* SketchesTableViewCell.swift */,
				D45E8ACD1BD977490041C390 /* GeneratePuzzleTableViewCell.swift */,
				EC3DE7F41BD03CD80085234B /* Assets.xcassets */,
				D4F0D0551BD9E0EC004D0330 /* FHU_Campus.jpg */,
				D43F3A111BFEABB200225725 /* star_rating.png */,
				EC3DE7F61BD03CD80085234B /* LaunchScreen.storyboard */,
				EC3DE7F91BD03CD80085234B /* Info.plist */,
			);
			path = GeoPuzzles;
			sourceTree = "<group>";
		};
		EC3DE8011BD03CD90085234B /* GeoPuzzlesTests */ = {
			isa = PBXGroup;
			children = (
				EC3DE8021BD03CD90085234B /* GeoPuzzlesTests.swift */,
				EC3DE8041BD03CD90085234B /* Info.plist */,
			);
			path = GeoPuzzlesTests;
			sourceTree = "<group>";
		};
/* End PBXGroup section */

/* Begin PBXNativeTarget section */
		EC3DE7E91BD03CD80085234B /* GeoPuzzles */ = {
			isa = PBXNativeTarget;
			buildConfigurationList = EC3DE8071BD03CD90085234B /* Build configuration list for PBXNativeTarget "GeoPuzzles" */;
			buildPhases = (
				EC3DE7E61BD03CD80085234B /* Sources */,
				EC3DE7E71BD03CD80085234B /* Frameworks */,
				EC3DE7E81BD03CD80085234B /* Resources */,
			);
			buildRules = (
			);
			dependencies = (
			);
			name = GeoPuzzles;
			productName = GeoPuzzles;
			productReference = EC3DE7EA1BD03CD80085234B /* GeoPuzzles.app */;
			productType = "com.apple.product-type.application";
		};
		EC3DE7FD1BD03CD90085234B /* GeoPuzzlesTests */ = {
			isa = PBXNativeTarget;
			buildConfigurationList = EC3DE80A1BD03CD90085234B /* Build configuration list for PBXNativeTarget "GeoPuzzlesTests" */;
			buildPhases = (
				EC3DE7FA1BD03CD90085234B /* Sources */,
				EC3DE7FB1BD03CD90085234B /* Frameworks */,
				EC3DE7FC1BD03CD90085234B /* Resources */,
			);
			buildRules = (
			);
			dependencies = (
				EC3DE8001BD03CD90085234B /* PBXTargetDependency */,
			);
			name = GeoPuzzlesTests;
			productName = GeoPuzzlesTests;
			productReference = EC3DE7FE1BD03CD90085234B /* GeoPuzzlesTests.xctest */;
			productType = "com.apple.product-type.bundle.unit-test";
		};
/* End PBXNativeTarget section */

/* Begin PBXProject section */
		EC3DE7E21BD03CD80085234B /* Project object */ = {
			isa = PBXProject;
			attributes = {
				LastUpgradeCheck = 0700;
				ORGANIZATIONNAME = "Freed-Hardeman University";
				TargetAttributes = {
					EC3DE7E91BD03CD80085234B = {
						CreatedOnToolsVersion = 7.0;
						DevelopmentTeam = XDGUJ5LZL6;
					};
					EC3DE7FD1BD03CD90085234B = {
						CreatedOnToolsVersion = 7.0;
						TestTargetID = EC3DE7E91BD03CD80085234B;
					};
				};
			};
			buildConfigurationList = EC3DE7E51BD03CD80085234B /* Build configuration list for PBXProject "GeoPuzzles" */;
			compatibilityVersion = "Xcode 3.2";
			developmentRegion = English;
			hasScannedForEncodings = 0;
			knownRegions = (
				en,
				Base,
			);
			mainGroup = EC3DE7E11BD03CD80085234B;
			productRefGroup = EC3DE7EB1BD03CD80085234B /* Products */;
			projectDirPath = "";
			projectRoot = "";
			targets = (
				EC3DE7E91BD03CD80085234B /* GeoPuzzles */,
				EC3DE7FD1BD03CD90085234B /* GeoPuzzlesTests */,
			);
		};
/* End PBXProject section */

/* Begin PBXResourcesBuildPhase section */
		EC3DE7E81BD03CD80085234B /* Resources */ = {
			isa = PBXResourcesBuildPhase;
			buildActionMask = 2147483647;
			files = (
				D4F0D0561BD9E0EC004D0330 /* FHU_Campus.jpg in Resources */,
				EC3DE7F81BD03CD80085234B /* LaunchScreen.storyboard in Resources */,
				EC3DE7F51BD03CD80085234B /* Assets.xcassets in Resources */,
				D43F3A121BFEABB200225725 /* star_rating.png in Resources */,
				EC3DE7F31BD03CD80085234B /* Main.storyboard in Resources */,
			);
			runOnlyForDeploymentPostprocessing = 0;
		};
		EC3DE7FC1BD03CD90085234B /* Resources */ = {
			isa = PBXResourcesBuildPhase;
			buildActionMask = 2147483647;
			files = (
			);
			runOnlyForDeploymentPostprocessing = 0;
		};
/* End PBXResourcesBuildPhase section */

/* Begin PBXSourcesBuildPhase section */
		EC3DE7E61BD03CD80085234B /* Sources */ = {
			isa = PBXSourcesBuildPhase;
			buildActionMask = 2147483647;
			files = (
				D43F3A161BFEC2FA00225725 /* SketchesTableViewCell.swift in Sources */,
				D4F0D0541BD9D7C6004D0330 /* DummyData.swift in Sources */,
				EC3DE7F01BD03CD80085234B /* ViewController.swift in Sources */,
				D43F3A141BFEC2B400225725 /* SketchHeaderTableViewCell.swift in Sources */,
				D45E8ACE1BD977490041C390 /* GeneratePuzzleTableViewCell.swift in Sources */,
				D4F0D0581BD9E9B6004D0330 /* PuzzleDetailsViewController.swift in Sources */,
				D45E8AD01BD977A80041C390 /* GeneratePuzzleTableViewController.swift in Sources */,
				D43F3A101BFE580F00225725 /* CategoryTableViewController.swift in Sources */,
				D45E8AD21BD9958D0041C390 /* GeneratePuzzleHeaderTableViewCell.swift in Sources */,
				EC3DE7EE1BD03CD80085234B /* AppDelegate.swift in Sources */,
				D4A5BF001BE2B15A00EAF804 /* MapViewController.swift in Sources */,
			);
			runOnlyForDeploymentPostprocessing = 0;
		};
		EC3DE7FA1BD03CD90085234B /* Sources */ = {
			isa = PBXSourcesBuildPhase;
			buildActionMask = 2147483647;
			files = (
				EC3DE8031BD03CD90085234B /* GeoPuzzlesTests.swift in Sources */,
			);
			runOnlyForDeploymentPostprocessing = 0;
		};
/* End PBXSourcesBuildPhase section */

/* Begin PBXTargetDependency section */
		EC3DE8001BD03CD90085234B /* PBXTargetDependency */ = {
			isa = PBXTargetDependency;
			target = EC3DE7E91BD03CD80085234B /* GeoPuzzles */;
			targetProxy = EC3DE7FF1BD03CD90085234B /* PBXContainerItemProxy */;
		};
/* End PBXTargetDependency section */

/* Begin PBXVariantGroup section */
		EC3DE7F11BD03CD80085234B /* Main.storyboard */ = {
			isa = PBXVariantGroup;
			children = (
				EC3DE7F21BD03CD80085234B /* Base */,
			);
			name = Main.storyboard;
			sourceTree = "<group>";
		};
		EC3DE7F61BD03CD80085234B /* LaunchScreen.storyboard */ = {
			isa = PBXVariantGroup;
			children = (
				EC3DE7F71BD03CD80085234B /* Base */,
			);
			name = LaunchScreen.storyboard;
			sourceTree = "<group>";
		};
/* End PBXVariantGroup section */

/* Begin XCBuildConfiguration section */
		EC3DE8051BD03CD90085234B /* Debug */ = {
			isa = XCBuildConfiguration;
			buildSettings = {
				ALWAYS_SEARCH_USER_PATHS = NO;
				CLANG_CXX_LANGUAGE_STANDARD = "gnu++0x";
				CLANG_CXX_LIBRARY = "libc++";
				CLANG_ENABLE_MODULES = YES;
				CLANG_ENABLE_OBJC_ARC = YES;
				CLANG_WARN_BOOL_CONVERSION = YES;
				CLANG_WARN_CONSTANT_CONVERSION = YES;
				CLANG_WARN_DIRECT_OBJC_ISA_USAGE = YES_ERROR;
				CLANG_WARN_EMPTY_BODY = YES;
				CLANG_WARN_ENUM_CONVERSION = YES;
				CLANG_WARN_INT_CONVERSION = YES;
				CLANG_WARN_OBJC_ROOT_CLASS = YES_ERROR;
				CLANG_WARN_UNREACHABLE_CODE = YES;
				CLANG_WARN__DUPLICATE_METHOD_MATCH = YES;
				"CODE_SIGN_IDENTITY[sdk=iphoneos*]" = "iPhone Developer";
				COPY_PHASE_STRIP = NO;
				DEBUG_INFORMATION_FORMAT = dwarf;
				ENABLE_STRICT_OBJC_MSGSEND = YES;
				ENABLE_TESTABILITY = YES;
				GCC_C_LANGUAGE_STANDARD = gnu99;
				GCC_DYNAMIC_NO_PIC = NO;
				GCC_NO_COMMON_BLOCKS = YES;
				GCC_OPTIMIZATION_LEVEL = 0;
				GCC_PREPROCESSOR_DEFINITIONS = (
					"DEBUG=1",
					"$(inherited)",
				);
				GCC_WARN_64_TO_32_BIT_CONVERSION = YES;
				GCC_WARN_ABOUT_RETURN_TYPE = YES_ERROR;
				GCC_WARN_UNDECLARED_SELECTOR = YES;
				GCC_WARN_UNINITIALIZED_AUTOS = YES_AGGRESSIVE;
				GCC_WARN_UNUSED_FUNCTION = YES;
				GCC_WARN_UNUSED_VARIABLE = YES;
				IPHONEOS_DEPLOYMENT_TARGET = 9.0;
				MTL_ENABLE_DEBUG_INFO = YES;
				ONLY_ACTIVE_ARCH = YES;
				SDKROOT = iphoneos;
				SWIFT_OPTIMIZATION_LEVEL = "-Onone";
				TARGETED_DEVICE_FAMILY = "1,2";
			};
			name = Debug;
		};
		EC3DE8061BD03CD90085234B /* Release */ = {
			isa = XCBuildConfiguration;
			buildSettings = {
				ALWAYS_SEARCH_USER_PATHS = NO;
				CLANG_CXX_LANGUAGE_STANDARD = "gnu++0x";
				CLANG_CXX_LIBRARY = "libc++";
				CLANG_ENABLE_MODULES = YES;
				CLANG_ENABLE_OBJC_ARC = YES;
				CLANG_WARN_BOOL_CONVERSION = YES;
				CLANG_WARN_CONSTANT_CONVERSION = YES;
				CLANG_WARN_DIRECT_OBJC_ISA_USAGE = YES_ERROR;
				CLANG_WARN_EMPTY_BODY = YES;
				CLANG_WARN_ENUM_CONVERSION = YES;
				CLANG_WARN_INT_CONVERSION = YES;
				CLANG_WARN_OBJC_ROOT_CLASS = YES_ERROR;
				CLANG_WARN_UNREACHABLE_CODE = YES;
				CLANG_WARN__DUPLICATE_METHOD_MATCH = YES;
				"CODE_SIGN_IDENTITY[sdk=iphoneos*]" = "iPhone Developer";
				COPY_PHASE_STRIP = NO;
				DEBUG_INFORMATION_FORMAT = "dwarf-with-dsym";
				ENABLE_NS_ASSERTIONS = NO;
				ENABLE_STRICT_OBJC_MSGSEND = YES;
				GCC_C_LANGUAGE_STANDARD = gnu99;
				GCC_NO_COMMON_BLOCKS = YES;
				GCC_WARN_64_TO_32_BIT_CONVERSION = YES;
				GCC_WARN_ABOUT_RETURN_TYPE = YES_ERROR;
				GCC_WARN_UNDECLARED_SELECTOR = YES;
				GCC_WARN_UNINITIALIZED_AUTOS = YES_AGGRESSIVE;
				GCC_WARN_UNUSED_FUNCTION = YES;
				GCC_WARN_UNUSED_VARIABLE = YES;
				IPHONEOS_DEPLOYMENT_TARGET = 9.0;
				MTL_ENABLE_DEBUG_INFO = NO;
				SDKROOT = iphoneos;
				TARGETED_DEVICE_FAMILY = "1,2";
				VALIDATE_PRODUCT = YES;
			};
			name = Release;
		};
		EC3DE8081BD03CD90085234B /* Debug */ = {
			isa = XCBuildConfiguration;
			buildSettings = {
				ASSETCATALOG_COMPILER_APPICON_NAME = AppIcon;
				CODE_SIGN_IDENTITY = "iPhone Developer";
				"CODE_SIGN_IDENTITY[sdk=iphoneos*]" = "iPhone Developer";
				INFOPLIST_FILE = GeoPuzzles/Info.plist;
				LD_RUNPATH_SEARCH_PATHS = "$(inherited) @executable_path/Frameworks";
				PRODUCT_BUNDLE_IDENTIFIER = fhu.edu.GeoPuzzles;
				PRODUCT_NAME = "$(TARGET_NAME)";
				PROVISIONING_PROFILE = "";
			};
			name = Debug;
		};
		EC3DE8091BD03CD90085234B /* Release */ = {
			isa = XCBuildConfiguration;
			buildSettings = {
				ASSETCATALOG_COMPILER_APPICON_NAME = AppIcon;
				CODE_SIGN_IDENTITY = "iPhone Developer";
				"CODE_SIGN_IDENTITY[sdk=iphoneos*]" = "iPhone Developer";
				INFOPLIST_FILE = GeoPuzzles/Info.plist;
				LD_RUNPATH_SEARCH_PATHS = "$(inherited) @executable_path/Frameworks";
				PRODUCT_BUNDLE_IDENTIFIER = fhu.edu.GeoPuzzles;
				PRODUCT_NAME = "$(TARGET_NAME)";
				PROVISIONING_PROFILE = "";
			};
			name = Release;
		};
		EC3DE80B1BD03CD90085234B /* Debug */ = {
			isa = XCBuildConfiguration;
			buildSettings = {
				BUNDLE_LOADER = "$(TEST_HOST)";
				INFOPLIST_FILE = GeoPuzzlesTests/Info.plist;
				LD_RUNPATH_SEARCH_PATHS = "$(inherited) @executable_path/Frameworks @loader_path/Frameworks";
				PRODUCT_BUNDLE_IDENTIFIER = fhu.edu.GeoPuzzlesTests;
				PRODUCT_NAME = "$(TARGET_NAME)";
				TEST_HOST = "$(BUILT_PRODUCTS_DIR)/GeoPuzzles.app/GeoPuzzles";
			};
			name = Debug;
		};
		EC3DE80C1BD03CD90085234B /* Release */ = {
			isa = XCBuildConfiguration;
			buildSettings = {
				BUNDLE_LOADER = "$(TEST_HOST)";
				INFOPLIST_FILE = GeoPuzzlesTests/Info.plist;
				LD_RUNPATH_SEARCH_PATHS = "$(inherited) @executable_path/Frameworks @loader_path/Frameworks";
				PRODUCT_BUNDLE_IDENTIFIER = fhu.edu.GeoPuzzlesTests;
				PRODUCT_NAME = "$(TARGET_NAME)";
				TEST_HOST = "$(BUILT_PRODUCTS_DIR)/GeoPuzzles.app/GeoPuzzles";
			};
			name = Release;
		};
/* End XCBuildConfiguration section */

/* Begin XCConfigurationList section */
		EC3DE7E51BD03CD80085234B /* Build configuration list for PBXProject "GeoPuzzles" */ = {
			isa = XCConfigurationList;
			buildConfigurations = (
				EC3DE8051BD03CD90085234B /* Debug */,
				EC3DE8061BD03CD90085234B /* Release */,
			);
			defaultConfigurationIsVisible = 0;
			defaultConfigurationName = Release;
		};
		EC3DE8071BD03CD90085234B /* Build configuration list for PBXNativeTarget "GeoPuzzles" */ = {
			isa = XCConfigurationList;
			buildConfigurations = (
				EC3DE8081BD03CD90085234B /* Debug */,
				EC3DE8091BD03CD90085234B /* Release */,
			);
			defaultConfigurationIsVisible = 0;
			defaultConfigurationName = Release;
		};
		EC3DE80A1BD03CD90085234B /* Build configuration list for PBXNativeTarget "GeoPuzzlesTests" */ = {
			isa = XCConfigurationList;
			buildConfigurations = (
				EC3DE80B1BD03CD90085234B /* Debug */,
				EC3DE80C1BD03CD90085234B /* Release */,
			);
			defaultConfigurationIsVisible = 0;
			defaultConfigurationName = Release;
		};
/* End XCConfigurationList section */
	};
	rootObject = EC3DE7E21BD03CD80085234B /* Project object */;
}
